{
  "nodes": {
    "nixpkgs": {
      "locked": {
        "lastModified": 1717106496,
        "narHash": "sha256-CXCHENGIy/SNEHBTLH2Pz/J9XvcTPnk73QROAEHtGM0=",
        "path": "/nix/store/yqsnshshiqy4m13aw3sm6ib00qa2qycg-source",
        "rev": "2ac5652e83ddfca412a4b338714cb9afb27357d0",
        "type": "path"
      },
      "original": {
        "id": "nixpkgs",
        "type": "indirect"
      }
    },
    "root": {
      "inputs": {
        "nixpkgs": "nixpkgs",
        "zig-source": "zig-source"
      }
    },
    "zig-source": {
      "flake": false,
      "locked": {
        "lastModified": 1717728680,
        "narHash": "sha256-QguwBFbDQDc6ZAHLX3iNKgQ4VTKG3NsOJuXfaMSUmwU=",
        "type": "tarball",
        "url": "https://ziglang.org/download/0.13.0/zig-linux-x86_64-0.13.0.tar.xz"
      },
      "original": {
        "type": "tarball",
        "url": "https://ziglang.org/download/0.13.0/zig-linux-x86_64-0.13.0.tar.xz"
      }
    }
  },
  "root": "root",
  "version": 7
}
