{
  "nodes": {
    "nixpkgs": {
      "locked": {
        "lastModified": 1699099776,
        "narHash": "sha256-X09iKJ27mGsGambGfkKzqvw5esP1L/Rf8H3u3fCqIiU=",
        "path": "/nix/store/kcmipm57ph9bpzz8bs80iiijiwbyzwy3-source",
        "rev": "85f1ba3e51676fa8cc604a3d863d729026a6b8eb",
        "type": "path"
      },
      "original": {
        "id": "nixpkgs",
        "type": "indirect"
      }
    },
    "root": {
      "inputs": {
        "nixpkgs": "nixpkgs",
        "zig-source": "zig-source"
      }
    },
    "zig-source": {
      "flake": false,
      "locked": {
        "lastModified": 1700468158,
        "narHash": "sha256-oea0IS9xn4QjKjUYCg7qM+0IYpcvIiBLdxZDBFyIfwI=",
        "type": "tarball",
        "url": "https://ziglang.org/builds/zig-linux-x86_64-0.12.0-dev.1664%2B8ca4a5240.tar.xz"
      },
      "original": {
        "type": "tarball",
        "url": "https://ziglang.org/builds/zig-linux-x86_64-0.12.0-dev.1664%2B8ca4a5240.tar.xz"
      }
    }
  },
  "root": "root",
  "version": 7
}
